
Microsoft Visual Studio Solution File, Format Version 12.00
# Visual Studio Version 17
VisualStudioVersion = 17.0.31903.59
MinimumVisualStudioVersion = 10.0.40219.1
Project("{2150E333-8FDC-42A3-9474-1A3956D46DE8}") = "src", "src", "{827E0CD3-B72D-47B6-A68D-7590B98EB39B}"
EndProject
Project("{FAE04EC0-301F-11D3-BF4B-00C04F79EFBC}") = "InfinitoCoffee.Domain", "src\InfinitoCoffee.Domain\InfinitoCoffee.Domain.csproj", "{A25F3F7D-24B6-4D1E-B2B2-2AD8ED0397A4}"
EndProject
Project("{FAE04EC0-301F-11D3-BF4B-00C04F79EFBC}") = "InfinitoCoffee.Application", "src\InfinitoCoffee.Application\InfinitoCoffee.Application.csproj", "{E5EC4CB6-F036-4EF4-95A9-D3D48E65003A}"
EndProject
Project("{FAE04EC0-301F-11D3-BF4B-00C04F79EFBC}") = "InfinitoCoffee.Infrastructure", "src\InfinitoCoffee.Infrastructure\InfinitoCoffee.Infrastructure.csproj", "{1A6C59D8-0085-4C20-9D25-C9723BA20C15}"
EndProject
Project("{FAE04EC0-301F-11D3-BF4B-00C04F79EFBC}") = "InfinitoCoffee.Api", "src\InfinitoCoffee.Api\InfinitoCoffee.Api.csproj", "{1B3955BF-6D8E-4EAD-B2BD-61BA84E4CF4D}"
EndProject
Project("{FAE04EC0-301F-11D3-BF4B-00C04F79EFBC}") = "InfinitoCoffee.Domain.Tests", "tests\InfinitoCoffee.Domain.Tests\InfinitoCoffee.Domain.Tests.csproj", "{1F61FF8D-35B8-4929-AD85-414ABA20B758}"
EndProject
Project("{FAE04EC0-301F-11D3-BF4B-00C04F79EFBC}") = "InfinitoCoffee.Application.Tests", "tests\InfinitoCoffee.Application.Tests\InfinitoCoffee.Application.Tests.csproj", "{3A3AA2DE-D54A-462C-96F5-C183A6861463}"
EndProject
Project("{FAE04EC0-301F-11D3-BF4B-00C04F79EFBC}") = "InfinitoCoffee.Api.IntegrationTests", "tests\InfinitoCoffee.Api.IntegrationTests\InfinitoCoffee.Api.IntegrationTests.csproj", "{569547A0-6E58-40B8-B9A8-A7007553D58C}"
EndProject
Global
	GlobalSection(SolutionConfigurationPlatforms) = preSolution
		Debug|Any CPU = Debug|Any CPU
		Debug|x64 = Debug|x64
		Debug|x86 = Debug|x86
		Release|Any CPU = Release|Any CPU
		Release|x64 = Release|x64
		Release|x86 = Release|x86
	EndGlobalSection
	GlobalSection(ProjectConfigurationPlatforms) = postSolution
		{A25F3F7D-24B6-4D1E-B2B2-2AD8ED0397A4}.Debug|Any CPU.ActiveCfg = Debug|Any CPU
		{A25F3F7D-24B6-4D1E-B2B2-2AD8ED0397A4}.Debug|Any CPU.Build.0 = Debug|Any CPU
		{A25F3F7D-24B6-4D1E-B2B2-2AD8ED0397A4}.Debug|x64.ActiveCfg = Debug|Any CPU
		{A25F3F7D-24B6-4D1E-B2B2-2AD8ED0397A4}.Debug|x64.Build.0 = Debug|Any CPU
		{A25F3F7D-24B6-4D1E-B2B2-2AD8ED0397A4}.Debug|x86.ActiveCfg = Debug|Any CPU
		{A25F3F7D-24B6-4D1E-B2B2-2AD8ED0397A4}.Debug|x86.Build.0 = Debug|Any CPU
		{A25F3F7D-24B6-4D1E-B2B2-2AD8ED0397A4}.Release|Any CPU.ActiveCfg = Release|Any CPU
		{A25F3F7D-24B6-4D1E-B2B2-2AD8ED0397A4}.Release|Any CPU.Build.0 = Release|Any CPU
		{A25F3F7D-24B6-4D1E-B2B2-2AD8ED0397A4}.Release|x64.ActiveCfg = Release|Any CPU
		{A25F3F7D-24B6-4D1E-B2B2-2AD8ED0397A4}.Release|x64.Build.0 = Release|Any CPU
		{A25F3F7D-24B6-4D1E-B2B2-2AD8ED0397A4}.Release|x86.ActiveCfg = Release|Any CPU
		{A25F3F7D-24B6-4D1E-B2B2-2AD8ED0397A4}.Release|x86.Build.0 = Release|Any CPU
		{E5EC4CB6-F036-4EF4-95A9-D3D48E65003A}.Debug|Any CPU.ActiveCfg = Debug|Any CPU
		{E5EC4CB6-F036-4EF4-95A9-D3D48E65003A}.Debug|Any CPU.Build.0 = Debug|Any CPU
		{E5EC4CB6-F036-4EF4-95A9-D3D48E65003A}.Debug|x64.ActiveCfg = Debug|Any CPU
		{E5EC4CB6-F036-4EF4-95A9-D3D48E65003A}.Debug|x64.Build.0 = Debug|Any CPU
		{E5EC4CB6-F036-4EF4-95A9-D3D48E65003A}.Debug|x86.ActiveCfg = Debug|Any CPU
		{E5EC4CB6-F036-4EF4-95A9-D3D48E65003A}.Debug|x86.Build.0 = Debug|Any CPU
		{E5EC4CB6-F036-4EF4-95A9-D3D48E65003A}.Release|Any CPU.ActiveCfg = Release|Any CPU
		{E5EC4CB6-F036-4EF4-95A9-D3D48E65003A}.Release|Any CPU.Build.0 = Release|Any CPU
		{E5EC4CB6-F036-4EF4-95A9-D3D48E65003A}.Release|x64.ActiveCfg = Release|Any CPU
		{E5EC4CB6-F036-4EF4-95A9-D3D48E65003A}.Release|x64.Build.0 = Release|Any CPU
		{E5EC4CB6-F036-4EF4-95A9-D3D48E65003A}.Release|x86.ActiveCfg = Release|Any CPU
		{E5EC4CB6-F036-4EF4-95A9-D3D48E65003A}.Release|x86.Build.0 = Release|Any CPU
		{1A6C59D8-0085-4C20-9D25-C9723BA20C15}.Debug|Any CPU.ActiveCfg = Debug|Any CPU
		{1A6C59D8-0085-4C20-9D25-C9723BA20C15}.Debug|Any CPU.Build.0 = Debug|Any CPU
		{1A6C59D8-0085-4C20-9D25-C9723BA20C15}.Debug|x64.ActiveCfg = Debug|Any CPU
		{1A6C59D8-0085-4C20-9D25-C9723BA20C15}.Debug|x64.Build.0 = Debug|Any CPU
		{1A6C59D8-0085-4C20-9D25-C9723BA20C15}.Debug|x86.ActiveCfg = Debug|Any CPU
		{1A6C59D8-0085-4C20-9D25-C9723BA20C15}.Debug|x86.Build.0 = Debug|Any CPU
		{1A6C59D8-0085-4C20-9D25-C9723BA20C15}.Release|Any CPU.ActiveCfg = Release|Any CPU
		{1A6C59D8-0085-4C20-9D25-C9723BA20C15}.Release|Any CPU.Build.0 = Release|Any CPU
		{1A6C59D8-0085-4C20-9D25-C9723BA20C15}.Release|x64.ActiveCfg = Release|Any CPU
		{1A6C59D8-0085-4C20-9D25-C9723BA20C15}.Release|x64.Build.0 = Release|Any CPU
		{1A6C59D8-0085-4C20-9D25-C9723BA20C15}.Release|x86.ActiveCfg = Release|Any CPU
		{1A6C59D8-0085-4C20-9D25-C9723BA20C15}.Release|x86.Build.0 = Release|Any CPU
		{1B3955BF-6D8E-4EAD-B2BD-61BA84E4CF4D}.Debug|Any CPU.ActiveCfg = Debug|Any CPU
		{1B3955BF-6D8E-4EAD-B2BD-61BA84E4CF4D}.Debug|Any CPU.Build.0 = Debug|Any CPU
		{1B3955BF-6D8E-4EAD-B2BD-61BA84E4CF4D}.Debug|x64.ActiveCfg = Debug|Any CPU
		{1B3955BF-6D8E-4EAD-B2BD-61BA84E4CF4D}.Debug|x64.Build.0 = Debug|Any CPU
		{1B3955BF-6D8E-4EAD-B2BD-61BA84E4CF4D}.Debug|x86.ActiveCfg = Debug|Any CPU
		{1B3955BF-6D8E-4EAD-B2BD-61BA84E4CF4D}.Debug|x86.Build.0 = Debug|Any CPU
		{1B3955BF-6D8E-4EAD-B2BD-61BA84E4CF4D}.Release|Any CPU.ActiveCfg = Release|Any CPU
		{1B3955BF-6D8E-4EAD-B2BD-61BA84E4CF4D}.Release|Any CPU.Build.0 = Release|Any CPU
		{1B3955BF-6D8E-4EAD-B2BD-61BA84E4CF4D}.Release|x64.ActiveCfg = Release|Any CPU
		{1B3955BF-6D8E-4EAD-B2BD-61BA84E4CF4D}.Release|x64.Build.0 = Release|Any CPU
		{1B3955BF-6D8E-4EAD-B2BD-61BA84E4CF4D}.Release|x86.ActiveCfg = Release|Any CPU
		{1B3955BF-6D8E-4EAD-B2BD-61BA84E4CF4D}.Release|x86.Build.0 = Release|Any CPU
		{1F61FF8D-35B8-4929-AD85-414ABA20B758}.Debug|Any CPU.ActiveCfg = Debug|Any CPU
		{1F61FF8D-35B8-4929-AD85-414ABA20B758}.Debug|Any CPU.Build.0 = Debug|Any CPU
		{1F61FF8D-35B8-4929-AD85-414ABA20B758}.Debug|x64.ActiveCfg = Debug|Any CPU
		{1F61FF8D-35B8-4929-AD85-414ABA20B758}.Debug|x64.Build.0 = Debug|Any CPU
		{1F61FF8D-35B8-4929-AD85-414ABA20B758}.Debug|x86.ActiveCfg = Debug|Any CPU
		{1F61FF8D-35B8-4929-AD85-414ABA20B758}.Debug|x86.Build.0 = Debug|Any CPU
		{1F61FF8D-35B8-4929-AD85-414ABA20B758}.Release|Any CPU.ActiveCfg = Release|Any CPU
		{1F61FF8D-35B8-4929-AD85-414ABA20B758}.Release|Any CPU.Build.0 = Release|Any CPU
		{1F61FF8D-35B8-4929-AD85-414ABA20B758}.Release|x64.ActiveCfg = Release|Any CPU
		{1F61FF8D-35B8-4929-AD85-414ABA20B758}.Release|x64.Build.0 = Release|Any CPU
		{1F61FF8D-35B8-4929-AD85-414ABA20B758}.Release|x86.ActiveCfg = Release|Any CPU
		{1F61FF8D-35B8-4929-AD85-414ABA20B758}.Release|x86.Build.0 = Release|Any CPU
		{3A3AA2DE-D54A-462C-96F5-C183A6861463}.Debug|Any CPU.ActiveCfg = Debug|Any CPU
		{3A3AA2DE-D54A-462C-96F5-C183A6861463}.Debug|Any CPU.Build.0 = Debug|Any CPU
		{3A3AA2DE-D54A-462C-96F5-C183A6861463}.Debug|x64.ActiveCfg = Debug|Any CPU
		{3A3AA2DE-D54A-462C-96F5-C183A6861463}.Debug|x64.Build.0 = Debug|Any CPU
		{3A3AA2DE-D54A-462C-96F5-C183A6861463}.Debug|x86.ActiveCfg = Debug|Any CPU
		{3A3AA2DE-D54A-462C-96F5-C183A6861463}.Debug|x86.Build.0 = Debug|Any CPU
		{3A3AA2DE-D54A-462C-96F5-C183A6861463}.Release|Any CPU.ActiveCfg = Release|Any CPU
		{3A3AA2DE-D54A-462C-96F5-C183A6861463}.Release|Any CPU.Build.0 = Release|Any CPU
		{3A3AA2DE-D54A-462C-96F5-C183A6861463}.Release|x64.ActiveCfg = Release|Any CPU
		{3A3AA2DE-D54A-462C-96F5-C183A6861463}.Release|x64.Build.0 = Release|Any CPU
		{3A3AA2DE-D54A-462C-96F5-C183A6861463}.Release|x86.ActiveCfg = Release|Any CPU
		{3A3AA2DE-D54A-462C-96F5-C183A6861463}.Release|x86.Build.0 = Release|Any CPU
		{569547A0-6E58-40B8-B9A8-A7007553D58C}.Debug|Any CPU.ActiveCfg = Debug|Any CPU
		{569547A0-6E58-40B8-B9A8-A7007553D58C}.Debug|Any CPU.Build.0 = Debug|Any CPU
		{569547A0-6E58-40B8-B9A8-A7007553D58C}.Debug|x64.ActiveCfg = Debug|Any CPU
		{569547A0-6E58-40B8-B9A8-A7007553D58C}.Debug|x64.Build.0 = Debug|Any CPU
		{569547A0-6E58-40B8-B9A8-A7007553D58C}.Debug|x86.ActiveCfg = Debug|Any CPU
		{569547A0-6E58-40B8-B9A8-A7007553D58C}.Debug|x86.Build.0 = Debug|Any CPU
		{569547A0-6E58-40B8-B9A8-A7007553D58C}.Release|Any CPU.ActiveCfg = Release|Any CPU
		{569547A0-6E58-40B8-B9A8-A7007553D58C}.Release|Any CPU.Build.0 = Release|Any CPU
		{569547A0-6E58-40B8-B9A8-A7007553D58C}.Release|x64.ActiveCfg = Release|Any CPU
		{569547A0-6E58-40B8-B9A8-A7007553D58C}.Release|x64.Build.0 = Release|Any CPU
		{569547A0-6E58-40B8-B9A8-A7007553D58C}.Release|x86.ActiveCfg = Release|Any CPU
		{569547A0-6E58-40B8-B9A8-A7007553D58C}.Release|x86.Build.0 = Release|Any CPU
	EndGlobalSection
	GlobalSection(SolutionProperties) = preSolution
		HideSolutionNode = FALSE
	EndGlobalSection
	GlobalSection(NestedProjects) = preSolution
		{A25F3F7D-24B6-4D1E-B2B2-2AD8ED0397A4} = {827E0CD3-B72D-47B6-A68D-7590B98EB39B}
		{E5EC4CB6-F036-4EF4-95A9-D3D48E65003A} = {827E0CD3-B72D-47B6-A68D-7590B98EB39B}
		{1A6C59D8-0085-4C20-9D25-C9723BA20C15} = {827E0CD3-B72D-47B6-A68D-7590B98EB39B}
		{1B3955BF-6D8E-4EAD-B2BD-61BA84E4CF4D} = {827E0CD3-B72D-47B6-A68D-7590B98EB39B}
		{1F61FF8D-35B8-4929-AD85-414ABA20B758} = {827E0CD3-B72D-47B6-A68D-7590B98EB39B}
		{3A3AA2DE-D54A-462C-96F5-C183A6861463} = {827E0CD3-B72D-47B6-A68D-7590B98EB39B}
		{569547A0-6E58-40B8-B9A8-A7007553D58C} = {827E0CD3-B72D-47B6-A68D-7590B98EB39B}
	EndGlobalSection
EndGlobal
